lockfileVersion: '9.0'

settings:
  autoInstallPeers: true
  excludeLinksFromLockfile: false

importers:

  .:
    dependencies:
      '@prisma/client':
        specifier: 6.16.2
        version: 6.16.2(prisma@6.16.2(typescript@5.9.3))(typescript@5.9.3)
    devDependencies:
      '@types/node':
        specifier: ^24.19.0
        version: 24.19.1
      prisma:
        specifier: 6.16.2
        version: 6.16.2(typescript@5.9.3)
      typescript:
        specifier: ^5.9.3
        version: 5.9.3

packages:

  '@prisma/client@6.16.2':
    resolution: {integrity: sha512-E00PxBcalMfYO/TWnXobBVUai6eW/g5OsifWQsQDzJYm7yaY+IRLo7ZLsaefi0QkTpxfuhFcQ/w180i6kX3iJw==}
    engines: {node: '>=18.18'}
    peerDependencies:
      prisma: '*'
      typescript: '>=5.1.0'
    peerDependenciesMeta:
      prisma:
        optional: true
      typescript:
        optional: true

  '@prisma/config@6.16.2':
    resolution: {integrity: sha512-mKXSUrcqXj0LXWPmJsK2s3p9PN+aoAbyMx7m5E1v1FufofR1ZpPoIArjjzOIm+bJRLLvYftoNYLx1tbHgF9/yg==}

  '@prisma/debug@6.16.2':
    resolution: {integrity: sha512-bo4/gA/HVV6u8YK2uY6glhNsJ7r+k/i5iQ9ny/3q5bt9ijCj7WMPUwfTKPvtEgLP+/r26Z686ly11hhcLiQ8zA==}

  '@prisma/engines-version@6.16.0-7.1c57fdcd7e44b29b9313256c76699e91c3ac3c43':
    resolution: {integrity: sha512-ThvlDaKIVrnrv97ujNFDYiQbeMQpLa0O86HFA2mNoip4mtFqM7U5GSz2ie1i2xByZtvPztJlNRgPsXGeM/kqAA==}

  '@prisma/engines@6.16.2':
    resolution: {integrity: sha512-7yf3AjfPUgsg/l7JSu1iEhsmZZ/YE00yURPjTikqm2z4btM0bCl2coFtTGfeSOWbQMmq45Jab+53yGUIAT1sjA==}

  '@prisma/fetch-engine@6.16.2':
    resolution: {integrity: sha512-wPnZ8DMRqpgzye758ZvfAMiNJRuYpz+rhgEBZi60ZqDIgOU2694oJxiuu3GKFeYeR/hXxso4/2oBC243t/whxQ==}

  '@prisma/get-platform@6.16.2':
    resolution: {integrity: sha512-U/P36Uke5wS7r1+omtAgJpEB94tlT4SdlgaeTc6HVTTT93pXj7zZ+B/cZnmnvjcNPfWddgoDx8RLjmQwqGDYyA==}

  '@standard-schema/spec@1.1.0':
    resolution: {integrity: sha512-l2aFy5jALhniG5HgqrD6jXLi/rUWrKvqN/qJx6yoJsgKhblVd+iqqU4RCXavm/jPityDo5TCvKMnpjKnOriy0w==}

  '@types/node@24.19.1':
    resolution: {integrity: sha512-aS3/DG0oM05K0RIXXP+hKjinGG5IgSSVGzswZxW3O0sS3pH4/fycXundUC9XsszgKCk4gHXylTEK6hyFxVxnoQ==}

  c12@3.1.0:
    resolution: {integrity: sha512-uWoS8OU1MEIsOv8p/5a82c3H31LsWVR5qiyXVfBNOzfffjUWtPnhAb4BYI2uG2HfGmZmFjCtui5XNWaps+iFuw==}
    peerDependencies:
      magicast: ^0.3.5
    peerDependenciesMeta:
      magicast:
        optional: true

  chokidar@4.0.3:
    resolution: {integrity: sha512-Qgzu8kfBvo+cA4962jnP1KkS6Dop5NS6g7R5LFYJr4b8Ub94PPQXUksCw9PvXoeXPRRddRNC5C1JQUR2SMGtnA==}
    engines: {node: '>= 14.16.0'}

  citty@0.1.6:
    resolution: {integrity: sha512-tskPPKEs8D2KPafUypv2gxwJP8h/OaJmC82QQGGDQcHvXX43xF2VDACcJVmZ0EuSxkpO9Kc4MlrA3q0+FG58AQ==}

  citty@0.2.2:
    resolution: {integrity: sha512-+6vJA3L98yv+IdfKGZHBNiGW5KHn22e/JwID0Strsz8h4S/csAu/OuICwxrg44k5MRiZHWIo8XXuJgQTriRP4w==}

  confbox@0.2.4:
    resolution: {integrity: sha512-ysOGlgTFbN2/Y6Cg3Iye8YKulHw+R2fNXHrgSmXISQdMnomY6eNDprVdW9R5xBguEqI954+S6709UyiO7B+6OQ==}

  confbox@0.3.1:
    resolution: {integrity: sha512-cKUSoKa8YxFZZSmraVi7onONx3amu77ngK3kGpsYHDH7drPwCRkQE1RYMPlLRrMtnciRj274XNRxcHxnKmDSnA==}

  consola@3.4.2:
    resolution: {integrity: sha512-5IKcdX0nnYavi6G7TtOhwkYzyjfJlatbjMjuLSfE2kYT5pMDOilZ4OvMhi637CcDICTmz3wARPoyhqyX1Y+XvA==}
    engines: {node: ^14.18.0 || >=16.10.0}

  deepmerge-ts@7.1.5:
    resolution: {integrity: sha512-HOJkrhaYsweh+W+e74Yn7YStZOilkoPb6fycpwNLKzSPtruFs48nYis0zy5yJz1+ktUhHxoRDJ27RQAWLIJVJw==}
    engines: {node: '>=16.0.0'}

  defu@6.1.7:
    resolution: {integrity: sha512-7z22QmUWiQ/2d0KkdYmANbRUVABpZ9SNYyH5vx6PZ+nE5bcC0l7uFvEfHlyld/HcGBFTL536ClDt3DEcSlEJAQ==}

  destr@2.0.5:
    resolution: {integrity: sha512-ugFTXCtDZunbzasqBxrK93Ik/DRYsO6S/fedkWEMKqt04xZ4csmnmwGDBAb07QWNaGMAmnTIemsYZCksjATwsA==}

  dotenv@16.6.1:
    resolution: {integrity: sha512-uBq4egWHTcTt33a72vpSG0z3HnPuIl6NqYcTrKEg2azoEyl2hpW0zqlxysq2pK9HlDIHyHyakeYaYnSAwd8bow==}
    engines: {node: '>=12'}

  effect@3.16.12:
    resolution: {integrity: sha512-N39iBk0K71F9nb442TLbTkjl24FLUzuvx2i1I2RsEAQsdAdUTuUoW0vlfUXgkMTUOnYqKnWcFfqw4hK4Pw27hg==}

  empathic@2.0.0:
    resolution: {integrity: sha512-i6UzDscO/XfAcNYD75CfICkmfLedpyPDdozrLMmQc5ORaQcdMoc21OnlEylMIqI7U8eniKrPMxxtj8k0vhmJhA==}
    engines: {node: '>=14'}

  exsolve@1.1.3:
    resolution: {integrity: sha512-kuzL9zherLQoqDeQaS55AiiIg1kb4KYXaSusTtgZTPlvKP2gGCI82LNmBNh5RjDVUXIcmgx+/Mx7vPwRzBbhJA==}

  fast-check@3.23.2:
    resolution: {integrity: sha512-h5+1OzzfCC3Ef7VbtKdcv7zsstUQwUDlYpUTvjeUsJAssPgLn7QzbboPtL5ro04Mq0rPOsMzl7q5hIbRs2wD1A==}
    engines: {node: '>=8.0.0'}

  giget@2.0.0:
    resolution: {integrity: sha512-L5bGsVkxJbJgdnwyuheIunkGatUF/zssUoxxjACCseZYAVbaqdh9Tsmmlkl8vYan09H7sbvKt4pS8GqKLBrEzA==}
    hasBin: true

  jiti@2.7.0:
    resolution: {integrity: sha512-AC/7JofJvZGrrneWNaEnJeOLUx+JlGt7tNa0wZiRPT4MY1wmfKjt2+6O2p2uz2+skll8OZZmJMNqeke7kKbNgQ==}
    hasBin: true

  node-fetch-native@1.6.7:
    resolution: {integrity: sha512-g9yhqoedzIUm0nTnTqAQvueMPVOuIY16bqgAJJC8XOOubYFNwz6IER9qs0Gq2Xd0+CecCKFjtdDTMA4u4xG06Q==}

  nypm@0.6.10:
    resolution: {integrity: sha512-W72Hrj1petq+b3Hk2aAC+9zswetlIFTnDW4s5djseZh2nYqBbyQLOtj472HwcbcWykPBUW1WpWpjOd4nK6gMRw==}
    engines: {node: '>=18'}
    hasBin: true

  ohash@2.0.12:
    resolution: {integrity: sha512-65S/5gk9YSsaRjcyf7Nfa6h/d3E8/1gslpXfI4W7Dxn/oap8IKRuNT5VXkLQ1YFKIEg4apRY4Pj6aiwFzrDdmw==}

  pathe@2.0.3:
    resolution: {integrity: sha512-WUjGcAqP1gQacoQe+OBJsFA7Ld4DyXuUIjZ5cc75cLHvJ7dtNsTugphxIADwspS+AraAUePCKrSVtPLFj/F88w==}

  perfect-debounce@1.0.0:
    resolution: {integrity: sha512-xCy9V055GLEqoFaHoC1SoLIaLmWctgCUaBaWxDZ7/Zx4CTyX7cJQLJOok/orfjZAh9kEYpjJa4d0KcJmCbctZA==}

  pkg-types@2.3.3:
    resolution: {integrity: sha512-j/lCFdcppV0JxWpCEITdbDltBxPP6cHT+yNJ6Go2OgoSA9518X847X9z0p6LtA4Nc16+eQzCZjRrWanTGvHJ5w==}

  prisma@6.16.2:
    resolution: {integrity: sha512-aRvldGE5UUJTtVmFiH3WfNFNiqFlAtePUxcI0UEGlnXCX7DqhiMT5TRYwncHFeA/Reca5W6ToXXyCMTeFPdSXA==}
    engines: {node: '>=18.18'}
    hasBin: true
    peerDependencies:
      typescript: '>=5.1.0'
    peerDependenciesMeta:
      typescript:
        optional: true

  pure-rand@6.1.0:
    resolution: {integrity: sha512-bVWawvoZoBYpp6yIoQtQXHZjmz35RSVHnUOTefl8Vcjr8snTPY1wnpSPMWekcFwbxI6gtmT7rSYPFvz71ldiOA==}

  rc9@2.1.2:
    resolution: {integrity: sha512-btXCnMmRIBINM2LDZoEmOogIZU7Qe7zn4BpomSKZ/ykbLObuBdvG+mFq11DL6fjH1DRwHhrlgtYWG96bJiC7Cg==}

  readdirp@4.1.2:
    resolution: {integrity: sha512-GDhwkLfywWL2s6vEjyhri+eXmfH6j1L7JE27WhqLeYzoh/A3DBaYGEj2H/HFZCn/kMfim73FXxEJTw06WtxQwg==}
    engines: {node: '>= 14.18.0'}

  tinyexec@1.3.1:
    resolution: {integrity: sha512-GCvB3aoys96IuDFBMcTB46JOR6mdMtAToqwiW8JlWhsoh1mhHi/xn9ss/Dg7N555GiJyEt2qzoG/NHCwM6h1EA==}
    engines: {node: '>=18'}

  typescript@5.9.3:
    resolution: {integrity: sha512-jl1vZzPDinLr9eUt3J/t7V6FgNEw9QjvBPdysz9KfQDD41fQrC2Y4vKQdiaUpFT4bXlb1RHhLpp8wtm6M5TgSw==}
    engines: {node: '>=14.17'}
    hasBin: true

  undici-types@7.24.6:
    resolution: {integrity: sha512-WRNW+sJgj5OBN4/0JpHFqtqzhpbnV0GuB+OozA9gCL7a993SmU+1JBZCzLNxYsbMfIeDL+lTsphD5jN5N+n0zg==}

snapshots:

  '@prisma/client@6.16.2(prisma@6.16.2(typescript@5.9.3))(typescript@5.9.3)':
    optionalDependencies:
      prisma: 6.16.2(typescript@5.9.3)
      typescript: 5.9.3

  '@prisma/config@6.16.2':
    dependencies:
      c12: 3.1.0
      deepmerge-ts: 7.1.5
      effect: 3.16.12
      empathic: 2.0.0
    transitivePeerDependencies:
      - magicast

  '@prisma/debug@6.16.2': {}

  '@prisma/engines-version@6.16.0-7.1c57fdcd7e44b29b9313256c76699e91c3ac3c43': {}

  '@prisma/engines@6.16.2':
    dependencies:
      '@prisma/debug': 6.16.2
      '@prisma/engines-version': 6.16.0-7.1c57fdcd7e44b29b9313256c76699e91c3ac3c43
      '@prisma/fetch-engine': 6.16.2
      '@prisma/get-platform': 6.16.2

  '@prisma/fetch-engine@6.16.2':
    dependencies:
      '@prisma/debug': 6.16.2
      '@prisma/engines-version': 6.16.0-7.1c57fdcd7e44b29b9313256c76699e91c3ac3c43
      '@prisma/get-platform': 6.16.2

  '@prisma/get-platform@6.16.2':
    dependencies:
      '@prisma/debug': 6.16.2

  '@standard-schema/spec@1.1.0': {}

  '@types/node@24.19.1':
    dependencies:
      undici-types: 7.24.6

  c12@3.1.0:
    dependencies:
      chokidar: 4.0.3
      confbox: 0.2.4
      defu: 6.1.7
      dotenv: 16.6.1
      exsolve: 1.1.3
      giget: 2.0.0
      jiti: 2.7.0
      ohash: 2.0.12
      pathe: 2.0.3
      perfect-debounce: 1.0.0
      pkg-types: 2.3.3
      rc9: 2.1.2

  chokidar@4.0.3:
    dependencies:
      readdirp: 4.1.2

  citty@0.1.6:
    dependencies:
      consola: 3.4.2

  citty@0.2.2: {}

  confbox@0.2.4: {}

  confbox@0.3.1: {}

  consola@3.4.2: {}

  deepmerge-ts@7.1.5: {}

  defu@6.1.7: {}

  destr@2.0.5: {}

  dotenv@16.6.1: {}

  effect@3.16.12:
    dependencies:
      '@standard-schema/spec': 1.1.0
      fast-check: 3.23.2

  empathic@2.0.0: {}

  exsolve@1.1.3: {}

  fast-check@3.23.2:
    dependencies:
      pure-rand: 6.1.0

  giget@2.0.0:
    dependencies:
      citty: 0.1.6
      consola: 3.4.2
      defu: 6.1.7
      node-fetch-native: 1.6.7
      nypm: 0.6.10
      pathe: 2.0.3

  jiti@2.7.0: {}

  node-fetch-native@1.6.7: {}

  nypm@0.6.10:
    dependencies:
      citty: 0.2.2
      pathe: 2.0.3
      tinyexec: 1.3.1

  ohash@2.0.12: {}

  pathe@2.0.3: {}

  perfect-debounce@1.0.0: {}

  pkg-types@2.3.3:
    dependencies:
      confbox: 0.3.1
      exsolve: 1.1.3
      pathe: 2.0.3

  prisma@6.16.2(typescript@5.9.3):
    dependencies:
      '@prisma/config': 6.16.2
      '@prisma/engines': 6.16.2
    optionalDependencies:
      typescript: 5.9.3
    transitivePeerDependencies:
      - magicast

  pure-rand@6.1.0: {}

  rc9@2.1.2:
    dependencies:
      defu: 6.1.7
      destr: 2.0.5

  readdirp@4.1.2: {}

  tinyexec@1.3.1: {}

  typescript@5.9.3: {}

  undici-types@7.24.6: {}
